
Microsoft Visual Studio Solution File, Format Version 12.00
# Visual Studio Version 16
VisualStudioVersion = 16.0.31729.503
MinimumVisualStudioVersion = 10.0.40219.1
Project("{9A19103F-16F7-4668-BE54-9A1E7A4F7556}") = "DesignPatterns_Strategy", "DesignPatterns_Strategy\DesignPatterns_Strategy.csproj", "{7C1B7ADA-2681-45A2-89D0-BB2D18431280}"
EndProject
Project("{FAE04EC0-301F-11D3-BF4B-00C04F79EFBC}") = "DesignPatterns_ChainOfResponsibility", "DesignPatterns_ChainOfResponsibility\DesignPatterns_ChainOfResponsibility.csproj", "{082F7A3C-B217-486C-AA6B-5FA8A6E8F67F}"
EndProject
Global
	GlobalSection(SolutionConfigurationPlatforms) = preSolution
		Debug|Any CPU = Debug|Any CPU
		Release|Any CPU = Release|Any CPU
	EndGlobalSection
	GlobalSection(ProjectConfigurationPlatforms) = postSolution
		{7C1B7ADA-2681-45A2-89D0-BB2D18431280}.Debug|Any CPU.ActiveCfg = Debug|Any CPU
		{7C1B7ADA-2681-45A2-89D0-BB2D18431280}.Debug|Any CPU.Build.0 = Debug|Any CPU
		{7C1B7ADA-2681-45A2-89D0-BB2D18431280}.Release|Any CPU.ActiveCfg = Release|Any CPU
		{7C1B7ADA-2681-45A2-89D0-BB2D18431280}.Release|Any CPU.Build.0 = Release|Any CPU
		{082F7A3C-B217-486C-AA6B-5FA8A6E8F67F}.Debug|Any CPU.ActiveCfg = Debug|Any CPU
		{082F7A3C-B217-486C-AA6B-5FA8A6E8F67F}.Debug|Any CPU.Build.0 = Debug|Any CPU
		{082F7A3C-B217-486C-AA6B-5FA8A6E8F67F}.Release|Any CPU.ActiveCfg = Release|Any CPU
		{082F7A3C-B217-486C-AA6B-5FA8A6E8F67F}.Release|Any CPU.Build.0 = Release|Any CPU
	EndGlobalSection
	GlobalSection(SolutionProperties) = preSolution
		HideSolutionNode = FALSE
	EndGlobalSection
	GlobalSection(ExtensibilityGlobals) = postSolution
		SolutionGuid = {4C722C69-00AD-482D-949B-57A22EB9F151}
	EndGlobalSection
EndGlobal
